# This file was autogenerated by Juvix version 0.6.10.
# Do not edit this file manually.

version: 2
checksum: 69bacf350d06366c3a8028eee72860bebc4f6f6aeca348f675178861a32c61fa
dependencies:
- git:
    name: anoma_juvix-stdlib
    ref: 01b1da83dd7d0d1c2396e26cf4ec0591cfbf5b15
    url: https://github.com/anoma/juvix-stdlib
  dependencies: []
