# This file was autogenerated by Juvix version 0.6.9.
# Do not edit this file manually.

version: 2
checksum: b69aff1388f11a2b9d521ad1a2b4b5f84b5a854708fcc66cb44b2767ee6172a3
dependencies:
- git:
    name: anoma_juvix-stdlib
    ref: ba11b33108c380801f1a58befc53b91e3c4413c6
    url: https://github.com/anoma/juvix-stdlib
  dependencies: []
