# This file was autogenerated by Juvix version 0.6.9.
# Do not edit this file manually.

version: 2
checksum: 300b54c99b6d804dfcef47ebf8d7c02f6ddcc5a3fb4f9cd0255d954f67a7a86b
dependencies:
- git:
    name: anoma_juvix-stdlib
    ref: e5add9b2a8ce3dc28519c135bdcdcd694d0bea15
    url: https://github.com/anoma/juvix-stdlib
  dependencies: []
